// !$*UTF8*$!
{
	archiveVersion = 1;
	classes = {
	};
	objectVersion = 50;
	objects = {

/* Begin PBXBuildFile section */
		8F1D0EA025D79BF600373EB0 /* AppDelegate.swift in Sources */ = {isa = PBXBuildFile; fileRef = 8F1D0E9F25D79BF600373EB0 /* AppDelegate.swift */; };
		8F1D0EA225D79BF600373EB0 /* SceneDelegate.swift in Sources */ = {isa = PBXBuildFile; fileRef = 8F1D0EA125D79BF600373EB0 /* SceneDelegate.swift */; };
		8F1D0EA425D79BF600373EB0 /* ViewController.swift in Sources */ = {isa = PBXBuildFile; fileRef = 8F1D0EA325D79BF600373EB0 /* ViewController.swift */; };
		8F1D0EA725D79BF600373EB0 /* Main.storyboard in Resources */ = {isa = PBXBuildFile; fileRef = 8F1D0EA525D79BF600373EB0 /* Main.storyboard */; };
		8F1D0EA925D79BF900373EB0 /* Assets.xcassets in Resources */ = {isa = PBXBuildFile; fileRef = 8F1D0EA825D79BF900373EB0 /* Assets.xcassets */; };
		8F1D0EAC25D79BF900373EB0 /* LaunchScreen.storyboard in Resources */ = {isa = PBXBuildFile; fileRef = 8F1D0EAA25D79BF900373EB0 /* LaunchScreen.storyboard */; };
		8F1D0EB725D79BF900373EB0 /* CalculatorAppTests.swift in Sources */ = {isa = PBXBuildFile; fileRef = 8F1D0EB625D79BF900373EB0 /* CalculatorAppTests.swift */; };
		8F1D0EC225D79BF900373EB0 /* CalculatorAppUITests.swift in Sources */ = {isa = PBXBuildFile; fileRef = 8F1D0EC125D79BF900373EB0 /* CalculatorAppUITests.swift */; };
/* End PBXBuildFile section */

/* Begin PBXContainerItemProxy section */
		8F1D0EB325D79BF900373EB0 /* PBXContainerItemProxy */ = {
			isa = PBXContainerItemProxy;
			containerPortal = 8F1D0E9425D79BF600373EB0 /* Project object */;
			proxyType = 1;
			remoteGlobalIDString = 8F1D0E9B25D79BF600373EB0;
			remoteInfo = CalculatorApp;
		};
		8F1D0EBE25D79BF900373EB0 /* PBXContainerItemProxy */ = {
			isa = PBXContainerItemProxy;
			containerPortal = 8F1D0E9425D79BF600373EB0 /* Project object */;
			proxyType = 1;
			remoteGlobalIDString = 8F1D0E9B25D79BF600373EB0;
			remoteInfo = CalculatorApp;
		};
/* End PBXContainerItemProxy section */

/* Begin PBXFileReference section */
		8F1D0E9C25D79BF600373EB0 /* CalculatorApp.app */ = {isa = PBXFileReference; explicitFileType = wrapper.application; includeInIndex = 0; path = CalculatorApp.app; sourceTree = BUILT_PRODUCTS_DIR; };
		8F1D0E9F25D79BF600373EB0 /* AppDelegate.swift */ = {isa = PBXFileReference; lastKnownFileType = sourcecode.swift; path = AppDelegate.swift; sourceTree = "<group>"; };
		8F1D0EA125D79BF600373EB0 /* SceneDelegate.swift */ = {isa = PBXFileReference; lastKnownFileType = sourcecode.swift; path = SceneDelegate.swift; sourceTree = "<group>"; };
		8F1D0EA325D79BF600373EB0 /* ViewController.swift */ = {isa = PBXFileReference; lastKnownFileType = sourcecode.swift; path = ViewController.swift; sourceTree = "<group>"; };
		8F1D0EA625D79BF600373EB0 /* Base */ = {isa = PBXFileReference; lastKnownFileType = file.storyboard; name = Base; path = Base.lproj/Main.storyboard; sourceTree = "<group>"; };
		8F1D0EA825D79BF900373EB0 /* Assets.xcassets */ = {isa = PBXFileReference; lastKnownFileType = folder.assetcatalog; path = Assets.xcassets; sourceTree = "<group>"; };
		8F1D0EAB25D79BF900373EB0 /* Base */ = {isa = PBXFileReference; lastKnownFileType = file.storyboard; name = Base; path = Base.lproj/LaunchScreen.storyboard; sourceTree = "<group>"; };
		8F1D0EAD25D79BF900373EB0 /* Info.plist */ = {isa = PBXFileReference; lastKnownFileType = text.plist.xml; path = Info.plist; sourceTree = "<group>"; };
		8F1D0EB225D79BF900373EB0 /* CalculatorAppTests.xctest */ = {isa = PBXFileReference; explicitFileType = wrapper.cfbundle; includeInIndex = 0; path = CalculatorAppTests.xctest; sourceTree = BUILT_PRODUCTS_DIR; };
		8F1D0EB625D79BF900373EB0 /* CalculatorAppTests.swift */ = {isa = PBXFileReference; lastKnownFileType = sourcecode.swift; path = CalculatorAppTests.swift; sourceTree = "<group>"; };
		8F1D0EB825D79BF900373EB0 /* Info.plist */ = {isa = PBXFileReference; lastKnownFileType = text.plist.xml; path = Info.plist; sourceTree = "<group>"; };
		8F1D0EBD25D79BF900373EB0 /* CalculatorAppUITests.xctest */ = {isa = PBXFileReference; explicitFileType = wrapper.cfbundle; includeInIndex = 0; path = CalculatorAppUITests.xctest; sourceTree = BUILT_PRODUCTS_DIR; };
		8F1D0EC125D79BF900373EB0 /* CalculatorAppUITests.swift */ = {isa = PBXFileReference; lastKnownFileType = sourcecode.swift; path = CalculatorAppUITests.swift; sourceTree = "<group>"; };
		8F1D0EC325D79BF900373EB0 /* Info.plist */ = {isa = PBXFileReference; lastKnownFileType = text.plist.xml; path = Info.plist; sourceTree = "<group>"; };
/* End PBXFileReference section */

/* Begin PBXFrameworksBuildPhase section */
		8F1D0E9925D79BF600373EB0 /* Frameworks */ = {
			isa = PBXFrameworksBuildPhase;
			buildActionMask = 2147483647;
			files = (
			);
			runOnlyForDeploymentPostprocessing = 0;
		};
		8F1D0EAF25D79BF900373EB0 /* Frameworks */ = {
			isa = PBXFrameworksBuildPhase;
			buildActionMask = 2147483647;
			files = (
			);
			runOnlyForDeploymentPostprocessing = 0;
		};
		8F1D0EBA25D79BF900373EB0 /* Frameworks */ = {
			isa = PBXFrameworksBuildPhase;
			buildActionMask = 2147483647;
			files = (
			);
			runOnlyForDeploymentPostprocessing = 0;
		};
/* End PBXFrameworksBuildPhase section */

/* Begin PBXGroup section */
		8F1D0E9325D79BF600373EB0 = {
			isa = PBXGroup;
			children = (
				8F1D0E9E25D79BF600373EB0 /* CalculatorApp */,
				8F1D0EB525D79BF900373EB0 /* CalculatorAppTests */,
				8F1D0EC025D79BF900373EB0 /* CalculatorAppUITests */,
				8F1D0E9D25D79BF600373EB0 /* Products */,
			);
			sourceTree = "<group>";
		};
		8F1D0E9D25D79BF600373EB0 /* Products */ = {
			isa = PBXGroup;
			children = (
				8F1D0E9C25D79BF600373EB0 /* CalculatorApp.app */,
				8F1D0EB225D79BF900373EB0 /* CalculatorAppTests.xctest */,
				8F1D0EBD25D79BF900373EB0 /* CalculatorAppUITests.xctest */,
			);
			name = Products;
			sourceTree = "<group>";
		};
		8F1D0E9E25D79BF600373EB0 /* CalculatorApp */ = {
			isa = PBXGroup;
			children = (
				8F1D0E9F25D79BF600373EB0 /* AppDelegate.swift */,
				8F1D0EA125D79BF600373EB0 /* SceneDelegate.swift */,
				8F1D0EA325D79BF600373EB0 /* ViewController.swift */,
				8F1D0EA525D79BF600373EB0 /* Main.storyboard */,
				8F1D0EA825D79BF900373EB0 /* Assets.xcassets */,
				8F1D0EAA25D79BF900373EB0 /* LaunchScreen.storyboard */,
				8F1D0EAD25D79BF900373EB0 /* Info.plist */,
			);
			path = CalculatorApp;
			sourceTree = "<group>";
		};
		8F1D0EB525D79BF900373EB0 /* CalculatorAppTests */ = {
			isa = PBXGroup;
			children = (
				8F1D0EB625D79BF900373EB0 /* CalculatorAppTests.swift */,
				8F1D0EB825D79BF900373EB0 /* Info.plist */,
			);
			path = CalculatorAppTests;
			sourceTree = "<group>";
		};
		8F1D0EC025D79BF900373EB0 /* CalculatorAppUITests */ = {
			isa = PBXGroup;
			children = (
				8F1D0EC125D79BF900373EB0 /* CalculatorAppUITests.swift */,
				8F1D0EC325D79BF900373EB0 /* Info.plist */,
			);
			path = CalculatorAppUITests;
			sourceTree = "<group>";
		};
/* End PBXGroup section */

/* Begin PBXNativeTarget section */
		8F1D0E9B25D79BF600373EB0 /* CalculatorApp */ = {
			isa = PBXNativeTarget;
			buildConfigurationList = 8F1D0EC625D79BF900373EB0 /* Build configuration list for PBXNativeTarget "CalculatorApp" */;
			buildPhases = (
				8F1D0E9825D79BF600373EB0 /* Sources */,
				8F1D0E9925D79BF600373EB0 /* Frameworks */,
				8F1D0E9A25D79BF600373EB0 /* Resources */,
			);
			buildRules = (
			);
			dependencies = (
			);
			name = CalculatorApp;
			productName = CalculatorApp;
			productReference = 8F1D0E9C25D79BF600373EB0 /* CalculatorApp.app */;
			productType = "com.apple.product-type.application";
		};
		8F1D0EB125D79BF900373EB0 /* CalculatorAppTests */ = {
			isa = PBXNativeTarget;
			buildConfigurationList = 8F1D0EC925D79BF900373EB0 /* Build configuration list for PBXNativeTarget "CalculatorAppTests" */;
			buildPhases = (
				8F1D0EAE25D79BF900373EB0 /* Sources */,
				8F1D0EAF25D79BF900373EB0 /* Frameworks */,
				8F1D0EB025D79BF900373EB0 /* Resources */,
			);
			buildRules = (
			);
			dependencies = (
				8F1D0EB425D79BF900373EB0 /* PBXTargetDependency */,
			);
			name = CalculatorAppTests;
			productName = CalculatorAppTests;
			productReference = 8F1D0EB225D79BF900373EB0 /* CalculatorAppTests.xctest */;
			productType = "com.apple.product-type.bundle.unit-test";
		};
		8F1D0EBC25D79BF900373EB0 /* CalculatorAppUITests */ = {
			isa = PBXNativeTarget;
			buildConfigurationList = 8F1D0ECC25D79BF900373EB0 /* Build configuration list for PBXNativeTarget "CalculatorAppUITests" */;
			buildPhases = (
				8F1D0EB925D79BF900373EB0 /* Sources */,
				8F1D0EBA25D79BF900373EB0 /* Frameworks */,
				8F1D0EBB25D79BF900373EB0 /* Resources */,
			);
			buildRules = (
			);
			dependencies = (
				8F1D0EBF25D79BF900373EB0 /* PBXTargetDependency */,
			);
			name = CalculatorAppUITests;
			productName = CalculatorAppUITests;
			productReference = 8F1D0EBD25D79BF900373EB0 /* CalculatorAppUITests.xctest */;
			productType = "com.apple.product-type.bundle.ui-testing";
		};
/* End PBXNativeTarget section */

/* Begin PBXProject section */
		8F1D0E9425D79BF600373EB0 /* Project object */ = {
			isa = PBXProject;
			attributes = {
				LastSwiftUpdateCheck = 1230;
				LastUpgradeCheck = 1230;
				TargetAttributes = {
					8F1D0E9B25D79BF600373EB0 = {
						CreatedOnToolsVersion = 12.3;
					};
					8F1D0EB125D79BF900373EB0 = {
						CreatedOnToolsVersion = 12.3;
						TestTargetID = 8F1D0E9B25D79BF600373EB0;
					};
					8F1D0EBC25D79BF900373EB0 = {
						CreatedOnToolsVersion = 12.3;
						TestTargetID = 8F1D0E9B25D79BF600373EB0;
					};
				};
			};
			buildConfigurationList = 8F1D0E9725D79BF600373EB0 /* Build configuration list for PBXProject "CalculatorApp" */;
			compatibilityVersion = "Xcode 9.3";
			developmentRegion = en;
			hasScannedForEncodings = 0;
			knownRegions = (
				en,
				Base,
			);
			mainGroup = 8F1D0E9325D79BF600373EB0;
			productRefGroup = 8F1D0E9D25D79BF600373EB0 /* Products */;
			projectDirPath = "";
			projectRoot = "";
			targets = (
				8F1D0E9B25D79BF600373EB0 /* CalculatorApp */,
				8F1D0EB125D79BF900373EB0 /* CalculatorAppTests */,
				8F1D0EBC25D79BF900373EB0 /* CalculatorAppUITests */,
			);
		};
/* End PBXProject section */

/* Begin PBXResourcesBuildPhase section */
		8F1D0E9A25D79BF600373EB0 /* Resources */ = {
			isa = PBXResourcesBuildPhase;
			buildActionMask = 2147483647;
			files = (
				8F1D0EAC25D79BF900373EB0 /* LaunchScreen.storyboard in Resources */,
				8F1D0EA925D79BF900373EB0 /* Assets.xcassets in Resources */,
				8F1D0EA725D79BF600373EB0 /* Main.storyboard in Resources */,
			);
			runOnlyForDeploymentPostprocessing = 0;
		};
		8F1D0EB025D79BF900373EB0 /* Resources */ = {
			isa = PBXResourcesBuildPhase;
			buildActionMask = 2147483647;
			files = (
			);
			runOnlyForDeploymentPostprocessing = 0;
		};
		8F1D0EBB25D79BF900373EB0 /* Resources */ = {
			isa = PBXResourcesBuildPhase;
			buildActionMask = 2147483647;
			files = (
			);
			runOnlyForDeploymentPostprocessing = 0;
		};
/* End PBXResourcesBuildPhase section */

/* Begin PBXSourcesBuildPhase section */
		8F1D0E9825D79BF600373EB0 /* Sources */ = {
			isa = PBXSourcesBuildPhase;
			buildActionMask = 2147483647;
			files = (
				8F1D0EA425D79BF600373EB0 /* ViewController.swift in Sources */,
				8F1D0EA025D79BF600373EB0 /* AppDelegate.swift in Sources */,
				8F1D0EA225D79BF600373EB0 /* SceneDelegate.swift in Sources */,
			);
			runOnlyForDeploymentPostprocessing = 0;
		};
		8F1D0EAE25D79BF900373EB0 /* Sources */ = {
			isa = PBXSourcesBuildPhase;
			buildActionMask = 2147483647;
			files = (
				8F1D0EB725D79BF900373EB0 /* CalculatorAppTests.swift in Sources */,
			);
			runOnlyForDeploymentPostprocessing = 0;
		};
		8F1D0EB925D79BF900373EB0 /* Sources */ = {
			isa = PBXSourcesBuildPhase;
			buildActionMask = 2147483647;
			files = (
				8F1D0EC225D79BF900373EB0 /* CalculatorAppUITests.swift in Sources */,
			);
			runOnlyForDeploymentPostprocessing = 0;
		};
/* End PBXSourcesBuildPhase section */

/* Begin PBXTargetDependency section */
		8F1D0EB425D79BF900373EB0 /* PBXTargetDependency */ = {
			isa = PBXTargetDependency;
			target = 8F1D0E9B25D79BF600373EB0 /* CalculatorApp */;
			targetProxy = 8F1D0EB325D79BF900373EB0 /* PBXContainerItemProxy */;
		};
		8F1D0EBF25D79BF900373EB0 /* PBXTargetDependency */ = {
			isa = PBXTargetDependency;
			target = 8F1D0E9B25D79BF600373EB0 /* CalculatorApp */;
			targetProxy = 8F1D0EBE25D79BF900373EB0 /* PBXContainerItemProxy */;
		};
/* End PBXTargetDependency section */

/* Begin PBXVariantGroup section */
		8F1D0EA525D79BF600373EB0 /* Main.storyboard */ = {
			isa = PBXVariantGroup;
			children = (
				8F1D0EA625D79BF600373EB0 /* Base */,
			);
			name = Main.storyboard;
			sourceTree = "<group>";
		};
		8F1D0EAA25D79BF900373EB0 /* LaunchScreen.storyboard */ = {
			isa = PBXVariantGroup;
			children = (
				8F1D0EAB25D79BF900373EB0 /* Base */,
			);
			name = LaunchScreen.storyboard;
			sourceTree = "<group>";
		};
/* End PBXVariantGroup section */

/* Begin XCBuildConfiguration section */
		8F1D0EC425D79BF900373EB0 /* Debug */ = {
			isa = XCBuildConfiguration;
			buildSettings = {
				ALWAYS_SEARCH_USER_PATHS = NO;
				CLANG_ANALYZER_NONNULL = YES;
				CLANG_ANALYZER_NUMBER_OBJECT_CONVERSION = YES_AGGRESSIVE;
				CLANG_CXX_LANGUAGE_STANDARD = "gnu++14";
				CLANG_CXX_LIBRARY = "libc++";
				CLANG_ENABLE_MODULES = YES;
				CLANG_ENABLE_OBJC_ARC = YES;
				CLANG_ENABLE_OBJC_WEAK = YES;
				CLANG_WARN_BLOCK_CAPTURE_AUTORELEASING = YES;
				CLANG_WARN_BOOL_CONVERSION = YES;
				CLANG_WARN_COMMA = YES;
				CLANG_WARN_CONSTANT_CONVERSION = YES;
				CLANG_WARN_DEPRECATED_OBJC_IMPLEMENTATIONS = YES;
				CLANG_WARN_DIRECT_OBJC_ISA_USAGE = YES_ERROR;
				CLANG_WARN_DOCUMENTATION_COMMENTS = YES;
				CLANG_WARN_EMPTY_BODY = YES;
				CLANG_WARN_ENUM_CONVERSION = YES;
				CLANG_WARN_INFINITE_RECURSION = YES;
				CLANG_WARN_INT_CONVERSION = YES;
				CLANG_WARN_NON_LITERAL_NULL_CONVERSION = YES;
				CLANG_WARN_OBJC_IMPLICIT_RETAIN_SELF = YES;
				CLANG_WARN_OBJC_LITERAL_CONVERSION = YES;
				CLANG_WARN_OBJC_ROOT_CLASS = YES_ERROR;
				CLANG_WARN_QUOTED_INCLUDE_IN_FRAMEWORK_HEADER = YES;
				CLANG_WARN_RANGE_LOOP_ANALYSIS = YES;
				CLANG_WARN_STRICT_PROTOTYPES = YES;
				CLANG_WARN_SUSPICIOUS_MOVE = YES;
				CLANG_WARN_UNGUARDED_AVAILABILITY = YES_AGGRESSIVE;
				CLANG_WARN_UNREACHABLE_CODE = YES;
				CLANG_WARN__DUPLICATE_METHOD_MATCH = YES;
				COPY_PHASE_STRIP = NO;
				DEBUG_INFORMATION_FORMAT = dwarf;
				ENABLE_STRICT_OBJC_MSGSEND = YES;
				ENABLE_TESTABILITY = YES;
				GCC_C_LANGUAGE_STANDARD = gnu11;
				GCC_DYNAMIC_NO_PIC = NO;
				GCC_NO_COMMON_BLOCKS = YES;
				GCC_OPTIMIZATION_LEVEL = 0;
				GCC_PREPROCESSOR_DEFINITIONS = (
					"DEBUG=1",
					"$(inherited)",
				);
				GCC_WARN_64_TO_32_BIT_CONVERSION = YES;
				GCC_WARN_ABOUT_RETURN_TYPE = YES_ERROR;
				GCC_WARN_UNDECLARED_SELECTOR = YES;
				GCC_WARN_UNINITIALIZED_AUTOS = YES_AGGRESSIVE;
				GCC_WARN_UNUSED_FUNCTION = YES;
				GCC_WARN_UNUSED_VARIABLE = YES;
				IPHONEOS_DEPLOYMENT_TARGET = 14.3;
				MTL_ENABLE_DEBUG_INFO = INCLUDE_SOURCE;
				MTL_FAST_MATH = YES;
				ONLY_ACTIVE_ARCH = YES;
				SDKROOT = iphoneos;
				SWIFT_ACTIVE_COMPILATION_CONDITIONS = DEBUG;
				SWIFT_OPTIMIZATION_LEVEL = "-Onone";
			};
			name = Debug;
		};
		8F1D0EC525D79BF900373EB0 /* Release */ = {
			isa = XCBuildConfiguration;
			buildSettings = {
				ALWAYS_SEARCH_USER_PATHS = NO;
				CLANG_ANALYZER_NONNULL = YES;
				CLANG_ANALYZER_NUMBER_OBJECT_CONVERSION = YES_AGGRESSIVE;
				CLANG_CXX_LANGUAGE_STANDARD = "gnu++14";
				CLANG_CXX_LIBRARY = "libc++";
				CLANG_ENABLE_MODULES = YES;
				CLANG_ENABLE_OBJC_ARC = YES;
				CLANG_ENABLE_OBJC_WEAK = YES;
				CLANG_WARN_BLOCK_CAPTURE_AUTORELEASING = YES;
				CLANG_WARN_BOOL_CONVERSION = YES;
				CLANG_WARN_COMMA = YES;
				CLANG_WARN_CONSTANT_CONVERSION = YES;
				CLANG_WARN_DEPRECATED_OBJC_IMPLEMENTATIONS = YES;
				CLANG_WARN_DIRECT_OBJC_ISA_USAGE = YES_ERROR;
				CLANG_WARN_DOCUMENTATION_COMMENTS = YES;
				CLANG_WARN_EMPTY_BODY = YES;
				CLANG_WARN_ENUM_CONVERSION = YES;
				CLANG_WARN_INFINITE_RECURSION = YES;
				CLANG_WARN_INT_CONVERSION = YES;
				CLANG_WARN_NON_LITERAL_NULL_CONVERSION = YES;
				CLANG_WARN_OBJC_IMPLICIT_RETAIN_SELF = YES;
				CLANG_WARN_OBJC_LITERAL_CONVERSION = YES;
				CLANG_WARN_OBJC_ROOT_CLASS = YES_ERROR;
				CLANG_WARN_QUOTED_INCLUDE_IN_FRAMEWORK_HEADER = YES;
				CLANG_WARN_RANGE_LOOP_ANALYSIS = YES;
				CLANG_WARN_STRICT_PROTOTYPES = YES;
				CLANG_WARN_SUSPICIOUS_MOVE = YES;
				CLANG_WARN_UNGUARDED_AVAILABILITY = YES_AGGRESSIVE;
				CLANG_WARN_UNREACHABLE_CODE = YES;
				CLANG_WARN__DUPLICATE_METHOD_MATCH = YES;
				COPY_PHASE_STRIP = NO;
				DEBUG_INFORMATION_FORMAT = "dwarf-with-dsym";
				ENABLE_NS_ASSERTIONS = NO;
				ENABLE_STRICT_OBJC_MSGSEND = YES;
				GCC_C_LANGUAGE_STANDARD = gnu11;
				GCC_NO_COMMON_BLOCKS = YES;
				GCC_WARN_64_TO_32_BIT_CONVERSION = YES;
				GCC_WARN_ABOUT_RETURN_TYPE = YES_ERROR;
				GCC_WARN_UNDECLARED_SELECTOR = YES;
				GCC_WARN_UNINITIALIZED_AUTOS = YES_AGGRESSIVE;
				GCC_WARN_UNUSED_FUNCTION = YES;
				GCC_WARN_UNUSED_VARIABLE = YES;
				IPHONEOS_DEPLOYMENT_TARGET = 14.3;
				MTL_ENABLE_DEBUG_INFO = NO;
				MTL_FAST_MATH = YES;
				SDKROOT = iphoneos;
				SWIFT_COMPILATION_MODE = wholemodule;
				SWIFT_OPTIMIZATION_LEVEL = "-O";
				VALIDATE_PRODUCT = YES;
			};
			name = Release;
		};
		8F1D0EC725D79BF900373EB0 /* Debug */ = {
			isa = XCBuildConfiguration;
			buildSettings = {
				ASSETCATALOG_COMPILER_APPICON_NAME = AppIcon;
				ASSETCATALOG_COMPILER_GLOBAL_ACCENT_COLOR_NAME = AccentColor;
				CODE_SIGN_STYLE = Automatic;
				INFOPLIST_FILE = CalculatorApp/Info.plist;
				LD_RUNPATH_SEARCH_PATHS = (
					"$(inherited)",
					"@executable_path/Frameworks",
				);
				PRODUCT_BUNDLE_IDENTIFIER = kudpig.CalculatorApp;
				PRODUCT_NAME = "$(TARGET_NAME)";
				SWIFT_VERSION = 5.0;
				TARGETED_DEVICE_FAMILY = "1,2";
			};
			name = Debug;
		};
		8F1D0EC825D79BF900373EB0 /* Release */ = {
			isa = XCBuildConfiguration;
			buildSettings = {
				ASSETCATALOG_COMPILER_APPICON_NAME = AppIcon;
				ASSETCATALOG_COMPILER_GLOBAL_ACCENT_COLOR_NAME = AccentColor;
				CODE_SIGN_STYLE = Automatic;
				INFOPLIST_FILE = CalculatorApp/Info.plist;
				LD_RUNPATH_SEARCH_PATHS = (
					"$(inherited)",
					"@executable_path/Frameworks",
				);
				PRODUCT_BUNDLE_IDENTIFIER = kudpig.CalculatorApp;
				PRODUCT_NAME = "$(TARGET_NAME)";
				SWIFT_VERSION = 5.0;
				TARGETED_DEVICE_FAMILY = "1,2";
			};
			name = Release;
		};
		8F1D0ECA25D79BF900373EB0 /* Debug */ = {
			isa = XCBuildConfiguration;
			buildSettings = {
				ALWAYS_EMBED_SWIFT_STANDARD_LIBRARIES = YES;
				BUNDLE_LOADER = "$(TEST_HOST)";
				CODE_SIGN_STYLE = Automatic;
				INFOPLIST_FILE = CalculatorAppTests/Info.plist;
				IPHONEOS_DEPLOYMENT_TARGET = 14.3;
				LD_RUNPATH_SEARCH_PATHS = (
					"$(inherited)",
					"@executable_path/Frameworks",
					"@loader_path/Frameworks",
				);
				PRODUCT_BUNDLE_IDENTIFIER = kudpig.CalculatorAppTests;
				PRODUCT_NAME = "$(TARGET_NAME)";
				SWIFT_VERSION = 5.0;
				TARGETED_DEVICE_FAMILY = "1,2";
				TEST_HOST = "$(BUILT_PRODUCTS_DIR)/CalculatorApp.app/CalculatorApp";
			};
			name = Debug;
		};
		8F1D0ECB25D79BF900373EB0 /* Release */ = {
			isa = XCBuildConfiguration;
			buildSettings = {
				ALWAYS_EMBED_SWIFT_STANDARD_LIBRARIES = YES;
				BUNDLE_LOADER = "$(TEST_HOST)";
				CODE_SIGN_STYLE = Automatic;
				INFOPLIST_FILE = CalculatorAppTests/Info.plist;
				IPHONEOS_DEPLOYMENT_TARGET = 14.3;
				LD_RUNPATH_SEARCH_PATHS = (
					"$(inherited)",
					"@executable_path/Frameworks",
					"@loader_path/Frameworks",
				);
				PRODUCT_BUNDLE_IDENTIFIER = kudpig.CalculatorAppTests;
				PRODUCT_NAME = "$(TARGET_NAME)";
				SWIFT_VERSION = 5.0;
				TARGETED_DEVICE_FAMILY = "1,2";
				TEST_HOST = "$(BUILT_PRODUCTS_DIR)/CalculatorApp.app/CalculatorApp";
			};
			name = Release;
		};
		8F1D0ECD25D79BF900373EB0 /* Debug */ = {
			isa = XCBuildConfiguration;
			buildSettings = {
				ALWAYS_EMBED_SWIFT_STANDARD_LIBRARIES = YES;
				CODE_SIGN_STYLE = Automatic;
				INFOPLIST_FILE = CalculatorAppUITests/Info.plist;
				LD_RUNPATH_SEARCH_PATHS = (
					"$(inherited)",
					"@executable_path/Frameworks",
					"@loader_path/Frameworks",
				);
				PRODUCT_BUNDLE_IDENTIFIER = kudpig.CalculatorAppUITests;
				PRODUCT_NAME = "$(TARGET_NAME)";
				SWIFT_VERSION = 5.0;
				TARGETED_DEVICE_FAMILY = "1,2";
				TEST_TARGET_NAME = CalculatorApp;
			};
			name = Debug;
		};
		8F1D0ECE25D79BF900373EB0 /* Release */ = {
			isa = XCBuildConfiguration;
			buildSettings = {
				ALWAYS_EMBED_SWIFT_STANDARD_LIBRARIES = YES;
				CODE_SIGN_STYLE = Automatic;
				INFOPLIST_FILE = CalculatorAppUITests/Info.plist;
				LD_RUNPATH_SEARCH_PATHS = (
					"$(inherited)",
					"@executable_path/Frameworks",
					"@loader_path/Frameworks",
				);
				PRODUCT_BUNDLE_IDENTIFIER = kudpig.CalculatorAppUITests;
				PRODUCT_NAME = "$(TARGET_NAME)";
				SWIFT_VERSION = 5.0;
				TARGETED_DEVICE_FAMILY = "1,2";
				TEST_TARGET_NAME = CalculatorApp;
			};
			name = Release;
		};
/* End XCBuildConfiguration section */

/* Begin XCConfigurationList section */
		8F1D0E9725D79BF600373EB0 /* Build configuration list for PBXProject "CalculatorApp" */ = {
			isa = XCConfigurationList;
			buildConfigurations = (
				8F1D0EC425D79BF900373EB0 /* Debug */,
				8F1D0EC525D79BF900373EB0 /* Release */,
			);
			defaultConfigurationIsVisible = 0;
			defaultConfigurationName = Release;
		};
		8F1D0EC625D79BF900373EB0 /* Build configuration list for PBXNativeTarget "CalculatorApp" */ = {
			isa = XCConfigurationList;
			buildConfigurations = (
				8F1D0EC725D79BF900373EB0 /* Debug */,
				8F1D0EC825D79BF900373EB0 /* Release */,
			);
			defaultConfigurationIsVisible = 0;
			defaultConfigurationName = Release;
		};
		8F1D0EC925D79BF900373EB0 /* Build configuration list for PBXNativeTarget "CalculatorAppTests" */ = {
			isa = XCConfigurationList;
			buildConfigurations = (
				8F1D0ECA25D79BF900373EB0 /* Debug */,
				8F1D0ECB25D79BF900373EB0 /* Release */,
			);
			defaultConfigurationIsVisible = 0;
			defaultConfigurationName = Release;
		};
		8F1D0ECC25D79BF900373EB0 /* Build configuration list for PBXNativeTarget "CalculatorAppUITests" */ = {
			isa = XCConfigurationList;
			buildConfigurations = (
				8F1D0ECD25D79BF900373EB0 /* Debug */,
				8F1D0ECE25D79BF900373EB0 /* Release */,
			);
			defaultConfigurationIsVisible = 0;
			defaultConfigurationName = Release;
		};
/* End XCConfigurationList section */
	};
	rootObject = 8F1D0E9425D79BF600373EB0 /* Project object */;
}
